{
  "object": {
    "pins": [
      {
        "package": "TinkerEvalStaticLib",
        "repositoryURL": "git@github.com:VaporExamplesLab/TinkerEvalStaticLib.git",
        "state": {
          "branch": "master",
          "revision": "f369d4a2251b69ef4bc074a4357770df07ff41ba",
          "version": null
        }
      }
    ]
  },
  "version": 1
}
